// !$*UTF8*$!
{
	archiveVersion = 1;
	classes = {
	};
	objectVersion = 50;
	objects = {

/* Begin PBXBuildFile section */
		CE4017652408C9C500E2CD01 /* Message.swift in Sources */ = {isa = PBXBuildFile; fileRef = CE4017642408C9C500E2CD01 /* Message.swift */; };
		CEA7B8A324032B3000C362E6 /* OperationsLogicController.swift in Sources */ = {isa = PBXBuildFile; fileRef = CEA7B8A224032B3000C362E6 /* OperationsLogicController.swift */; };
		CEA7B8A524035D1800C362E6 /* WebViewWrapper.swift in Sources */ = {isa = PBXBuildFile; fileRef = CEA7B8A424035D1800C362E6 /* WebViewWrapper.swift */; };
		CEC4A0F924031DC500734B8E /* AppDelegate.swift in Sources */ = {isa = PBXBuildFile; fileRef = CEC4A0F824031DC500734B8E /* AppDelegate.swift */; };
		CEC4A0FD24031DC500734B8E /* OperationsViewController.swift in Sources */ = {isa = PBXBuildFile; fileRef = CEC4A0FC24031DC500734B8E /* OperationsViewController.swift */; };
		CEC4A10224031DCB00734B8E /* Assets.xcassets in Resources */ = {isa = PBXBuildFile; fileRef = CEC4A10124031DCB00734B8E /* Assets.xcassets */; };
		CEC4A10524031DCB00734B8E /* LaunchScreen.storyboard in Resources */ = {isa = PBXBuildFile; fileRef = CEC4A10324031DCB00734B8E /* LaunchScreen.storyboard */; };
		CEC4A11024031DCB00734B8E /* JumboOperationTests.swift in Sources */ = {isa = PBXBuildFile; fileRef = CEC4A10F24031DCB00734B8E /* JumboOperationTests.swift */; };
/* End PBXBuildFile section */

/* Begin PBXContainerItemProxy section */
		CEC4A10C24031DCB00734B8E /* PBXContainerItemProxy */ = {
			isa = PBXContainerItemProxy;
			containerPortal = CEC4A0ED24031DC500734B8E /* Project object */;
			proxyType = 1;
			remoteGlobalIDString = CEC4A0F424031DC500734B8E;
			remoteInfo = JumboOperation;
		};
/* End PBXContainerItemProxy section */

/* Begin PBXFileReference section */
		CE4017642408C9C500E2CD01 /* Message.swift */ = {isa = PBXFileReference; lastKnownFileType = sourcecode.swift; path = Message.swift; sourceTree = "<group>"; };
		CEA7B8A224032B3000C362E6 /* OperationsLogicController.swift */ = {isa = PBXFileReference; lastKnownFileType = sourcecode.swift; path = OperationsLogicController.swift; sourceTree = "<group>"; };
		CEA7B8A424035D1800C362E6 /* WebViewWrapper.swift */ = {isa = PBXFileReference; lastKnownFileType = sourcecode.swift; path = WebViewWrapper.swift; sourceTree = "<group>"; };
		CEC4A0F524031DC500734B8E /* JumboOperation.app */ = {isa = PBXFileReference; explicitFileType = wrapper.application; includeInIndex = 0; path = JumboOperation.app; sourceTree = BUILT_PRODUCTS_DIR; };
		CEC4A0F824031DC500734B8E /* AppDelegate.swift */ = {isa = PBXFileReference; lastKnownFileType = sourcecode.swift; path = AppDelegate.swift; sourceTree = "<group>"; };
		CEC4A0FC24031DC500734B8E /* OperationsViewController.swift */ = {isa = PBXFileReference; lastKnownFileType = sourcecode.swift; path = OperationsViewController.swift; sourceTree = "<group>"; };
		CEC4A10124031DCB00734B8E /* Assets.xcassets */ = {isa = PBXFileReference; lastKnownFileType = folder.assetcatalog; path = Assets.xcassets; sourceTree = "<group>"; };
		CEC4A10424031DCB00734B8E /* Base */ = {isa = PBXFileReference; lastKnownFileType = file.storyboard; name = Base; path = Base.lproj/LaunchScreen.storyboard; sourceTree = "<group>"; };
		CEC4A10624031DCB00734B8E /* Info.plist */ = {isa = PBXFileReference; lastKnownFileType = text.plist.xml; path = Info.plist; sourceTree = "<group>"; };
		CEC4A10B24031DCB00734B8E /* JumboOperationTests.xctest */ = {isa = PBXFileReference; explicitFileType = wrapper.cfbundle; includeInIndex = 0; path = JumboOperationTests.xctest; sourceTree = BUILT_PRODUCTS_DIR; };
		CEC4A10F24031DCB00734B8E /* JumboOperationTests.swift */ = {isa = PBXFileReference; lastKnownFileType = sourcecode.swift; path = JumboOperationTests.swift; sourceTree = "<group>"; };
		CEC4A11124031DCB00734B8E /* Info.plist */ = {isa = PBXFileReference; lastKnownFileType = text.plist.xml; path = Info.plist; sourceTree = "<group>"; };
/* End PBXFileReference section */

/* Begin PBXFrameworksBuildPhase section */
		CEC4A0F224031DC500734B8E /* Frameworks */ = {
			isa = PBXFrameworksBuildPhase;
			buildActionMask = 2147483647;
			files = (
			);
			runOnlyForDeploymentPostprocessing = 0;
		};
		CEC4A10824031DCB00734B8E /* Frameworks */ = {
			isa = PBXFrameworksBuildPhase;
			buildActionMask = 2147483647;
			files = (
			);
			runOnlyForDeploymentPostprocessing = 0;
		};
/* End PBXFrameworksBuildPhase section */

/* Begin PBXGroup section */
		CE4017632408C99500E2CD01 /* Models */ = {
			isa = PBXGroup;
			children = (
				CE4017642408C9C500E2CD01 /* Message.swift */,
			);
			path = Models;
			sourceTree = "<group>";
		};
		CE401766240AE35F00E2CD01 /* Extensions */ = {
			isa = PBXGroup;
			children = (
			);
			path = Extensions;
			sourceTree = "<group>";
		};
		CEC4A0EC24031DC500734B8E = {
			isa = PBXGroup;
			children = (
				CEC4A0F724031DC500734B8E /* JumboOperation */,
				CEC4A10E24031DCB00734B8E /* JumboOperationTests */,
				CEC4A0F624031DC500734B8E /* Products */,
			);
			sourceTree = "<group>";
		};
		CEC4A0F624031DC500734B8E /* Products */ = {
			isa = PBXGroup;
			children = (
				CEC4A0F524031DC500734B8E /* JumboOperation.app */,
				CEC4A10B24031DCB00734B8E /* JumboOperationTests.xctest */,
			);
			name = Products;
			sourceTree = "<group>";
		};
		CEC4A0F724031DC500734B8E /* JumboOperation */ = {
			isa = PBXGroup;
			children = (
				CE401766240AE35F00E2CD01 /* Extensions */,
				CE4017632408C99500E2CD01 /* Models */,
				CEC4A0F824031DC500734B8E /* AppDelegate.swift */,
				CEC4A0FC24031DC500734B8E /* OperationsViewController.swift */,
				CEA7B8A224032B3000C362E6 /* OperationsLogicController.swift */,
				CEC4A10124031DCB00734B8E /* Assets.xcassets */,
				CEC4A10324031DCB00734B8E /* LaunchScreen.storyboard */,
				CEC4A10624031DCB00734B8E /* Info.plist */,
				CEA7B8A424035D1800C362E6 /* WebViewWrapper.swift */,
			);
			path = JumboOperation;
			sourceTree = "<group>";
		};
		CEC4A10E24031DCB00734B8E /* JumboOperationTests */ = {
			isa = PBXGroup;
			children = (
				CEC4A10F24031DCB00734B8E /* JumboOperationTests.swift */,
				CEC4A11124031DCB00734B8E /* Info.plist */,
			);
			path = JumboOperationTests;
			sourceTree = "<group>";
		};
/* End PBXGroup section */

/* Begin PBXNativeTarget section */
		CEC4A0F424031DC500734B8E /* JumboOperation */ = {
			isa = PBXNativeTarget;
			buildConfigurationList = CEC4A11424031DCB00734B8E /* Build configuration list for PBXNativeTarget "JumboOperation" */;
			buildPhases = (
				CEC4A0F124031DC500734B8E /* Sources */,
				CEC4A0F224031DC500734B8E /* Frameworks */,
				CEC4A0F324031DC500734B8E /* Resources */,
			);
			buildRules = (
			);
			dependencies = (
			);
			name = JumboOperation;
			productName = JumboOperation;
			productReference = CEC4A0F524031DC500734B8E /* JumboOperation.app */;
			productType = "com.apple.product-type.application";
		};
		CEC4A10A24031DCB00734B8E /* JumboOperationTests */ = {
			isa = PBXNativeTarget;
			buildConfigurationList = CEC4A11724031DCB00734B8E /* Build configuration list for PBXNativeTarget "JumboOperationTests" */;
			buildPhases = (
				CEC4A10724031DCB00734B8E /* Sources */,
				CEC4A10824031DCB00734B8E /* Frameworks */,
				CEC4A10924031DCB00734B8E /* Resources */,
			);
			buildRules = (
			);
			dependencies = (
				CEC4A10D24031DCB00734B8E /* PBXTargetDependency */,
			);
			name = JumboOperationTests;
			productName = JumboOperationTests;
			productReference = CEC4A10B24031DCB00734B8E /* JumboOperationTests.xctest */;
			productType = "com.apple.product-type.bundle.unit-test";
		};
/* End PBXNativeTarget section */

/* Begin PBXProject section */
		CEC4A0ED24031DC500734B8E /* Project object */ = {
			isa = PBXProject;
			attributes = {
				LastSwiftUpdateCheck = 1120;
				LastUpgradeCheck = 1120;
				ORGANIZATIONNAME = Zeus;
				TargetAttributes = {
					CEC4A0F424031DC500734B8E = {
						CreatedOnToolsVersion = 11.2.1;
					};
					CEC4A10A24031DCB00734B8E = {
						CreatedOnToolsVersion = 11.2.1;
						TestTargetID = CEC4A0F424031DC500734B8E;
					};
				};
			};
			buildConfigurationList = CEC4A0F024031DC500734B8E /* Build configuration list for PBXProject "JumboOperation" */;
			compatibilityVersion = "Xcode 9.3";
			developmentRegion = en;
			hasScannedForEncodings = 0;
			knownRegions = (
				en,
				Base,
			);
			mainGroup = CEC4A0EC24031DC500734B8E;
			productRefGroup = CEC4A0F624031DC500734B8E /* Products */;
			projectDirPath = "";
			projectRoot = "";
			targets = (
				CEC4A0F424031DC500734B8E /* JumboOperation */,
				CEC4A10A24031DCB00734B8E /* JumboOperationTests */,
			);
		};
/* End PBXProject section */

/* Begin PBXResourcesBuildPhase section */
		CEC4A0F324031DC500734B8E /* Resources */ = {
			isa = PBXResourcesBuildPhase;
			buildActionMask = 2147483647;
			files = (
				CEC4A10524031DCB00734B8E /* LaunchScreen.storyboard in Resources */,
				CEC4A10224031DCB00734B8E /* Assets.xcassets in Resources */,
			);
			runOnlyForDeploymentPostprocessing = 0;
		};
		CEC4A10924031DCB00734B8E /* Resources */ = {
			isa = PBXResourcesBuildPhase;
			buildActionMask = 2147483647;
			files = (
			);
			runOnlyForDeploymentPostprocessing = 0;
		};
/* End PBXResourcesBuildPhase section */

/* Begin PBXSourcesBuildPhase section */
		CEC4A0F124031DC500734B8E /* Sources */ = {
			isa = PBXSourcesBuildPhase;
			buildActionMask = 2147483647;
			files = (
				CEA7B8A324032B3000C362E6 /* OperationsLogicController.swift in Sources */,
				CEA7B8A524035D1800C362E6 /* WebViewWrapper.swift in Sources */,
				CE4017652408C9C500E2CD01 /* Message.swift in Sources */,
				CEC4A0FD24031DC500734B8E /* OperationsViewController.swift in Sources */,
				CEC4A0F924031DC500734B8E /* AppDelegate.swift in Sources */,
			);
			runOnlyForDeploymentPostprocessing = 0;
		};
		CEC4A10724031DCB00734B8E /* Sources */ = {
			isa = PBXSourcesBuildPhase;
			buildActionMask = 2147483647;
			files = (
				CEC4A11024031DCB00734B8E /* JumboOperationTests.swift in Sources */,
			);
			runOnlyForDeploymentPostprocessing = 0;
		};
/* End PBXSourcesBuildPhase section */

/* Begin PBXTargetDependency section */
		CEC4A10D24031DCB00734B8E /* PBXTargetDependency */ = {
			isa = PBXTargetDependency;
			target = CEC4A0F424031DC500734B8E /* JumboOperation */;
			targetProxy = CEC4A10C24031DCB00734B8E /* PBXContainerItemProxy */;
		};
/* End PBXTargetDependency section */

/* Begin PBXVariantGroup section */
		CEC4A10324031DCB00734B8E /* LaunchScreen.storyboard */ = {
			isa = PBXVariantGroup;
			children = (
				CEC4A10424031DCB00734B8E /* Base */,
			);
			name = LaunchScreen.storyboard;
			sourceTree = "<group>";
		};
/* End PBXVariantGroup section */

/* Begin XCBuildConfiguration section */
		CEC4A11224031DCB00734B8E /* Debug */ = {
			isa = XCBuildConfiguration;
			buildSettings = {
				ALWAYS_SEARCH_USER_PATHS = NO;
				CLANG_ANALYZER_NONNULL = YES;
				CLANG_ANALYZER_NUMBER_OBJECT_CONVERSION = YES_AGGRESSIVE;
				CLANG_CXX_LANGUAGE_STANDARD = "gnu++14";
				CLANG_CXX_LIBRARY = "libc++";
				CLANG_ENABLE_MODULES = YES;
				CLANG_ENABLE_OBJC_ARC = YES;
				CLANG_ENABLE_OBJC_WEAK = YES;
				CLANG_WARN_BLOCK_CAPTURE_AUTORELEASING = YES;
				CLANG_WARN_BOOL_CONVERSION = YES;
				CLANG_WARN_COMMA = YES;
				CLANG_WARN_CONSTANT_CONVERSION = YES;
				CLANG_WARN_DEPRECATED_OBJC_IMPLEMENTATIONS = YES;
				CLANG_WARN_DIRECT_OBJC_ISA_USAGE = YES_ERROR;
				CLANG_WARN_DOCUMENTATION_COMMENTS = YES;
				CLANG_WARN_EMPTY_BODY = YES;
				CLANG_WARN_ENUM_CONVERSION = YES;
				CLANG_WARN_INFINITE_RECURSION = YES;
				CLANG_WARN_INT_CONVERSION = YES;
				CLANG_WARN_NON_LITERAL_NULL_CONVERSION = YES;
				CLANG_WARN_OBJC_IMPLICIT_RETAIN_SELF = YES;
				CLANG_WARN_OBJC_LITERAL_CONVERSION = YES;
				CLANG_WARN_OBJC_ROOT_CLASS = YES_ERROR;
				CLANG_WARN_RANGE_LOOP_ANALYSIS = YES;
				CLANG_WARN_STRICT_PROTOTYPES = YES;
				CLANG_WARN_SUSPICIOUS_MOVE = YES;
				CLANG_WARN_UNGUARDED_AVAILABILITY = YES_AGGRESSIVE;
				CLANG_WARN_UNREACHABLE_CODE = YES;
				CLANG_WARN__DUPLICATE_METHOD_MATCH = YES;
				COPY_PHASE_STRIP = NO;
				DEBUG_INFORMATION_FORMAT = dwarf;
				ENABLE_STRICT_OBJC_MSGSEND = YES;
				ENABLE_TESTABILITY = YES;
				GCC_C_LANGUAGE_STANDARD = gnu11;
				GCC_DYNAMIC_NO_PIC = NO;
				GCC_NO_COMMON_BLOCKS = YES;
				GCC_OPTIMIZATION_LEVEL = 0;
				GCC_PREPROCESSOR_DEFINITIONS = (
					"DEBUG=1",
					"$(inherited)",
				);
				GCC_WARN_64_TO_32_BIT_CONVERSION = YES;
				GCC_WARN_ABOUT_RETURN_TYPE = YES_ERROR;
				GCC_WARN_UNDECLARED_SELECTOR = YES;
				GCC_WARN_UNINITIALIZED_AUTOS = YES_AGGRESSIVE;
				GCC_WARN_UNUSED_FUNCTION = YES;
				GCC_WARN_UNUSED_VARIABLE = YES;
				IPHONEOS_DEPLOYMENT_TARGET = 13.2;
				MTL_ENABLE_DEBUG_INFO = INCLUDE_SOURCE;
				MTL_FAST_MATH = YES;
				ONLY_ACTIVE_ARCH = YES;
				SDKROOT = iphoneos;
				SWIFT_ACTIVE_COMPILATION_CONDITIONS = DEBUG;
				SWIFT_OPTIMIZATION_LEVEL = "-Onone";
			};
			name = Debug;
		};
		CEC4A11324031DCB00734B8E /* Release */ = {
			isa = XCBuildConfiguration;
			buildSettings = {
				ALWAYS_SEARCH_USER_PATHS = NO;
				CLANG_ANALYZER_NONNULL = YES;
				CLANG_ANALYZER_NUMBER_OBJECT_CONVERSION = YES_AGGRESSIVE;
				CLANG_CXX_LANGUAGE_STANDARD = "gnu++14";
				CLANG_CXX_LIBRARY = "libc++";
				CLANG_ENABLE_MODULES = YES;
				CLANG_ENABLE_OBJC_ARC = YES;
				CLANG_ENABLE_OBJC_WEAK = YES;
				CLANG_WARN_BLOCK_CAPTURE_AUTORELEASING = YES;
				CLANG_WARN_BOOL_CONVERSION = YES;
				CLANG_WARN_COMMA = YES;
				CLANG_WARN_CONSTANT_CONVERSION = YES;
				CLANG_WARN_DEPRECATED_OBJC_IMPLEMENTATIONS = YES;
				CLANG_WARN_DIRECT_OBJC_ISA_USAGE = YES_ERROR;
				CLANG_WARN_DOCUMENTATION_COMMENTS = YES;
				CLANG_WARN_EMPTY_BODY = YES;
				CLANG_WARN_ENUM_CONVERSION = YES;
				CLANG_WARN_INFINITE_RECURSION = YES;
				CLANG_WARN_INT_CONVERSION = YES;
				CLANG_WARN_NON_LITERAL_NULL_CONVERSION = YES;
				CLANG_WARN_OBJC_IMPLICIT_RETAIN_SELF = YES;
				CLANG_WARN_OBJC_LITERAL_CONVERSION = YES;
				CLANG_WARN_OBJC_ROOT_CLASS = YES_ERROR;
				CLANG_WARN_RANGE_LOOP_ANALYSIS = YES;
				CLANG_WARN_STRICT_PROTOTYPES = YES;
				CLANG_WARN_SUSPICIOUS_MOVE = YES;
				CLANG_WARN_UNGUARDED_AVAILABILITY = YES_AGGRESSIVE;
				CLANG_WARN_UNREACHABLE_CODE = YES;
				CLANG_WARN__DUPLICATE_METHOD_MATCH = YES;
				COPY_PHASE_STRIP = NO;
				DEBUG_INFORMATION_FORMAT = "dwarf-with-dsym";
				ENABLE_NS_ASSERTIONS = NO;
				ENABLE_STRICT_OBJC_MSGSEND = YES;
				GCC_C_LANGUAGE_STANDARD = gnu11;
				GCC_NO_COMMON_BLOCKS = YES;
				GCC_WARN_64_TO_32_BIT_CONVERSION = YES;
				GCC_WARN_ABOUT_RETURN_TYPE = YES_ERROR;
				GCC_WARN_UNDECLARED_SELECTOR = YES;
				GCC_WARN_UNINITIALIZED_AUTOS = YES_AGGRESSIVE;
				GCC_WARN_UNUSED_FUNCTION = YES;
				GCC_WARN_UNUSED_VARIABLE = YES;
				IPHONEOS_DEPLOYMENT_TARGET = 13.2;
				MTL_ENABLE_DEBUG_INFO = NO;
				MTL_FAST_MATH = YES;
				SDKROOT = iphoneos;
				SWIFT_COMPILATION_MODE = wholemodule;
				SWIFT_OPTIMIZATION_LEVEL = "-O";
				VALIDATE_PRODUCT = YES;
			};
			name = Release;
		};
		CEC4A11524031DCB00734B8E /* Debug */ = {
			isa = XCBuildConfiguration;
			buildSettings = {
				ASSETCATALOG_COMPILER_APPICON_NAME = AppIcon;
				CODE_SIGN_STYLE = Automatic;
				INFOPLIST_FILE = JumboOperation/Info.plist;
				LD_RUNPATH_SEARCH_PATHS = (
					"$(inherited)",
					"@executable_path/Frameworks",
				);
				PRODUCT_BUNDLE_IDENTIFIER = com.Zeus.JumboOperation;
				PRODUCT_NAME = "$(TARGET_NAME)";
				SWIFT_VERSION = 5.0;
				TARGETED_DEVICE_FAMILY = "1,2";
			};
			name = Debug;
		};
		CEC4A11624031DCB00734B8E /* Release */ = {
			isa = XCBuildConfiguration;
			buildSettings = {
				ASSETCATALOG_COMPILER_APPICON_NAME = AppIcon;
				CODE_SIGN_STYLE = Automatic;
				INFOPLIST_FILE = JumboOperation/Info.plist;
				LD_RUNPATH_SEARCH_PATHS = (
					"$(inherited)",
					"@executable_path/Frameworks",
				);
				PRODUCT_BUNDLE_IDENTIFIER = com.Zeus.JumboOperation;
				PRODUCT_NAME = "$(TARGET_NAME)";
				SWIFT_VERSION = 5.0;
				TARGETED_DEVICE_FAMILY = "1,2";
			};
			name = Release;
		};
		CEC4A11824031DCB00734B8E /* Debug */ = {
			isa = XCBuildConfiguration;
			buildSettings = {
				ALWAYS_EMBED_SWIFT_STANDARD_LIBRARIES = YES;
				BUNDLE_LOADER = "$(TEST_HOST)";
				CODE_SIGN_STYLE = Automatic;
				INFOPLIST_FILE = JumboOperationTests/Info.plist;
				IPHONEOS_DEPLOYMENT_TARGET = 13.2;
				LD_RUNPATH_SEARCH_PATHS = (
					"$(inherited)",
					"@executable_path/Frameworks",
					"@loader_path/Frameworks",
				);
				PRODUCT_BUNDLE_IDENTIFIER = com.Zeus.JumboOperationTests;
				PRODUCT_NAME = "$(TARGET_NAME)";
				SWIFT_VERSION = 5.0;
				TARGETED_DEVICE_FAMILY = "1,2";
				TEST_HOST = "$(BUILT_PRODUCTS_DIR)/JumboOperation.app/JumboOperation";
			};
			name = Debug;
		};
		CEC4A11924031DCB00734B8E /* Release */ = {
			isa = XCBuildConfiguration;
			buildSettings = {
				ALWAYS_EMBED_SWIFT_STANDARD_LIBRARIES = YES;
				BUNDLE_LOADER = "$(TEST_HOST)";
				CODE_SIGN_STYLE = Automatic;
				INFOPLIST_FILE = JumboOperationTests/Info.plist;
				IPHONEOS_DEPLOYMENT_TARGET = 13.2;
				LD_RUNPATH_SEARCH_PATHS = (
					"$(inherited)",
					"@executable_path/Frameworks",
					"@loader_path/Frameworks",
				);
				PRODUCT_BUNDLE_IDENTIFIER = com.Zeus.JumboOperationTests;
				PRODUCT_NAME = "$(TARGET_NAME)";
				SWIFT_VERSION = 5.0;
				TARGETED_DEVICE_FAMILY = "1,2";
				TEST_HOST = "$(BUILT_PRODUCTS_DIR)/JumboOperation.app/JumboOperation";
			};
			name = Release;
		};
/* End XCBuildConfiguration section */

/* Begin XCConfigurationList section */
		CEC4A0F024031DC500734B8E /* Build configuration list for PBXProject "JumboOperation" */ = {
			isa = XCConfigurationList;
			buildConfigurations = (
				CEC4A11224031DCB00734B8E /* Debug */,
				CEC4A11324031DCB00734B8E /* Release */,
			);
			defaultConfigurationIsVisible = 0;
			defaultConfigurationName = Release;
		};
		CEC4A11424031DCB00734B8E /* Build configuration list for PBXNativeTarget "JumboOperation" */ = {
			isa = XCConfigurationList;
			buildConfigurations = (
				CEC4A11524031DCB00734B8E /* Debug */,
				CEC4A11624031DCB00734B8E /* Release */,
			);
			defaultConfigurationIsVisible = 0;
			defaultConfigurationName = Release;
		};
		CEC4A11724031DCB00734B8E /* Build configuration list for PBXNativeTarget "JumboOperationTests" */ = {
			isa = XCConfigurationList;
			buildConfigurations = (
				CEC4A11824031DCB00734B8E /* Debug */,
				CEC4A11924031DCB00734B8E /* Release */,
			);
			defaultConfigurationIsVisible = 0;
			defaultConfigurationName = Release;
		};
/* End XCConfigurationList section */
	};
	rootObject = CEC4A0ED24031DC500734B8E /* Project object */;
}
